
Microsoft Visual Studio Solution File, Format Version 12.00
Project("{FAE04EC0-301F-11D3-BF4B-00C04F79EFBC}") = "LearnTUnit.Tests", "LearnTUnit.Tests\LearnTUnit.Tests.csproj", "{3E204654-8FBC-4065-B4F6-964628CA5391}"
EndProject
Global
	GlobalSection(SolutionConfigurationPlatforms) = preSolution
		Debug|Any CPU = Debug|Any CPU
		Release|Any CPU = Release|Any CPU
	EndGlobalSection
	GlobalSection(ProjectConfigurationPlatforms) = postSolution
		{3E204654-8FBC-4065-B4F6-964628CA5391}.Debug|Any CPU.ActiveCfg = Debug|Any CPU
		{3E204654-8FBC-4065-B4F6-964628CA5391}.Debug|Any CPU.Build.0 = Debug|Any CPU
		{3E204654-8FBC-4065-B4F6-964628CA5391}.Release|Any CPU.ActiveCfg = Release|Any CPU
		{3E204654-8FBC-4065-B4F6-964628CA5391}.Release|Any CPU.Build.0 = Release|Any CPU
	EndGlobalSection
EndGlobal
